Microsoft Visual Studio Solution File, Format Version 12.00
# Visual Studio Version 17
VisualStudioVersion = 17.0.31903.59
MinimumVisualStudioVersion = 10.0.40219.1
Project("{E8C70EB7-FCC5-4204-B7E9-56F5DC1AEE7C}") = "Project_b5a6fb5218de4423a87e26fa53e883c0_20250601200320428603", "Project_b5a6fb5218de4423a87e26fa53e883c0_20250601200320428603.csproj", "{E8C70EB7-FCC5-4204-B7E9-56F5DC1AEE7C}"
EndProject
Global
    GlobalSection(SolutionConfigurationPlatforms) = preSolution
        Debug|Any CPU = Debug|Any CPU
        Release|Any CPU = Release|Any CPU
    EndGlobalSection
    GlobalSection(ProjectConfigurationPlatforms) = postSolution
        {E8C70EB7-FCC5-4204-B7E9-56F5DC1AEE7C}.Debug|Any CPU.ActiveCfg = Debug|Any CPU
        {E8C70EB7-FCC5-4204-B7E9-56F5DC1AEE7C}.Debug|Any CPU.Build.0 = Debug|Any CPU
        {E8C70EB7-FCC5-4204-B7E9-56F5DC1AEE7C}.Release|Any CPU.ActiveCfg = Release|Any CPU
        {E8C70EB7-FCC5-4204-B7E9-56F5DC1AEE7C}.Release|Any CPU.Build.0 = Release|Any CPU
    EndGlobalSection
EndGlobal